// !$*UTF8*$!
{
	archiveVersion = 1;
	classes = {
	};
	objectVersion = 56;
	objects = {

/* Begin PBXBuildFile section */
		52541F672B25C392003D0B88 /* CustomWidgets.swift in Sources */ = {isa = PBXBuildFile; fileRef = 52541F662B25C392003D0B88 /* CustomWidgets.swift */; };
		52541F692B25C63C003D0B88 /* StackViewExtension.swift in Sources */ = {isa = PBXBuildFile; fileRef = 52541F682B25C63C003D0B88 /* StackViewExtension.swift */; };
		52541F6C2B25E3A2003D0B88 /* TopHeadlinesViewModel.swift in Sources */ = {isa = PBXBuildFile; fileRef = 52541F6B2B25E3A2003D0B88 /* TopHeadlinesViewModel.swift */; };
		52541F6F2B25EE04003D0B88 /* Kingfisher in Frameworks */ = {isa = PBXBuildFile; productRef = 52541F6E2B25EE04003D0B88 /* Kingfisher */; };
		5267E2E02B26132D00F8354B /* Languages.swift in Sources */ = {isa = PBXBuildFile; fileRef = 5267E2DF2B26132D00F8354B /* Languages.swift */; };
		5267E2E42B26253E00F8354B /* EverythingViewModel.swift in Sources */ = {isa = PBXBuildFile; fileRef = 5267E2E32B26253E00F8354B /* EverythingViewModel.swift */; };
		52770E692B250F28007EBC45 /* UIViewExtension.swift in Sources */ = {isa = PBXBuildFile; fileRef = 52770E682B250F28007EBC45 /* UIViewExtension.swift */; };
		52770E712B251264007EBC45 /* ChooseParamsVC.swift in Sources */ = {isa = PBXBuildFile; fileRef = 52770E702B251264007EBC45 /* ChooseParamsVC.swift */; };
		52770E732B251281007EBC45 /* ShowTopArticlesVC.swift in Sources */ = {isa = PBXBuildFile; fileRef = 52770E722B251281007EBC45 /* ShowTopArticlesVC.swift */; };
		52770E752B251299007EBC45 /* TabBar.swift in Sources */ = {isa = PBXBuildFile; fileRef = 52770E742B251299007EBC45 /* TabBar.swift */; };
		52770E772B25132D007EBC45 /* ChooseEverythingParamsVC.swift in Sources */ = {isa = PBXBuildFile; fileRef = 52770E762B25132D007EBC45 /* ChooseEverythingParamsVC.swift */; };
		52770E792B25133B007EBC45 /* ShowEveryArticlesVC.swift in Sources */ = {isa = PBXBuildFile; fileRef = 52770E782B25133B007EBC45 /* ShowEveryArticlesVC.swift */; };
		52770E7C2B25162F007EBC45 /* Countries.swift in Sources */ = {isa = PBXBuildFile; fileRef = 52770E7B2B25162F007EBC45 /* Countries.swift */; };
		52770E7E2B2516AB007EBC45 /* CategoriesTop.swift in Sources */ = {isa = PBXBuildFile; fileRef = 52770E7D2B2516AB007EBC45 /* CategoriesTop.swift */; };
		52770E822B251847007EBC45 /* TopHeadlinesCell.swift in Sources */ = {isa = PBXBuildFile; fileRef = 52770E812B251847007EBC45 /* TopHeadlinesCell.swift */; };
		52770E842B25185A007EBC45 /* EverythingCell.swift in Sources */ = {isa = PBXBuildFile; fileRef = 52770E832B25185A007EBC45 /* EverythingCell.swift */; };
		527C4E952B239D450086D0F6 /* AppDelegate.swift in Sources */ = {isa = PBXBuildFile; fileRef = 527C4E942B239D450086D0F6 /* AppDelegate.swift */; };
		527C4E972B239D450086D0F6 /* SceneDelegate.swift in Sources */ = {isa = PBXBuildFile; fileRef = 527C4E962B239D450086D0F6 /* SceneDelegate.swift */; };
		527C4E9E2B239D460086D0F6 /* Assets.xcassets in Resources */ = {isa = PBXBuildFile; fileRef = 527C4E9D2B239D460086D0F6 /* Assets.xcassets */; };
		527C4EA12B239D460086D0F6 /* LaunchScreen.storyboard in Resources */ = {isa = PBXBuildFile; fileRef = 527C4E9F2B239D460086D0F6 /* LaunchScreen.storyboard */; };
		527C4EAB2B239DBC0086D0F6 /* NetworkHelper.swift in Sources */ = {isa = PBXBuildFile; fileRef = 527C4EAA2B239DBC0086D0F6 /* NetworkHelper.swift */; };
		527C4EAE2B239DDE0086D0F6 /* Alamofire in Frameworks */ = {isa = PBXBuildFile; productRef = 527C4EAD2B239DDE0086D0F6 /* Alamofire */; };
		527C4EB22B23A77C0086D0F6 /* NetworkManager.swift in Sources */ = {isa = PBXBuildFile; fileRef = 527C4EB12B23A77C0086D0F6 /* NetworkManager.swift */; };
		527C4EB42B23A8DE0086D0F6 /* model.swift in Sources */ = {isa = PBXBuildFile; fileRef = 527C4EB32B23A8DE0086D0F6 /* model.swift */; };
		527C4EB62B23C1650086D0F6 /* RequestService.swift in Sources */ = {isa = PBXBuildFile; fileRef = 527C4EB52B23C1650086D0F6 /* RequestService.swift */; };
/* End PBXBuildFile section */

/* Begin PBXFileReference section */
		52541F662B25C392003D0B88 /* CustomWidgets.swift */ = {isa = PBXFileReference; lastKnownFileType = sourcecode.swift; path = CustomWidgets.swift; sourceTree = "<group>"; };
		52541F682B25C63C003D0B88 /* StackViewExtension.swift */ = {isa = PBXFileReference; lastKnownFileType = sourcecode.swift; path = StackViewExtension.swift; sourceTree = "<group>"; };
		52541F6B2B25E3A2003D0B88 /* TopHeadlinesViewModel.swift */ = {isa = PBXFileReference; lastKnownFileType = sourcecode.swift; path = TopHeadlinesViewModel.swift; sourceTree = "<group>"; };
		5267E2DF2B26132D00F8354B /* Languages.swift */ = {isa = PBXFileReference; lastKnownFileType = sourcecode.swift; path = Languages.swift; sourceTree = "<group>"; };
		5267E2E32B26253E00F8354B /* EverythingViewModel.swift */ = {isa = PBXFileReference; lastKnownFileType = sourcecode.swift; path = EverythingViewModel.swift; sourceTree = "<group>"; };
		52770E682B250F28007EBC45 /* UIViewExtension.swift */ = {isa = PBXFileReference; lastKnownFileType = sourcecode.swift; path = UIViewExtension.swift; sourceTree = "<group>"; };
		52770E702B251264007EBC45 /* ChooseParamsVC.swift */ = {isa = PBXFileReference; lastKnownFileType = sourcecode.swift; path = ChooseParamsVC.swift; sourceTree = "<group>"; };
		52770E722B251281007EBC45 /* ShowTopArticlesVC.swift */ = {isa = PBXFileReference; lastKnownFileType = sourcecode.swift; path = ShowTopArticlesVC.swift; sourceTree = "<group>"; };
		52770E742B251299007EBC45 /* TabBar.swift */ = {isa = PBXFileReference; lastKnownFileType = sourcecode.swift; path = TabBar.swift; sourceTree = "<group>"; };
		52770E762B25132D007EBC45 /* ChooseEverythingParamsVC.swift */ = {isa = PBXFileReference; lastKnownFileType = sourcecode.swift; path = ChooseEverythingParamsVC.swift; sourceTree = "<group>"; };
		52770E782B25133B007EBC45 /* ShowEveryArticlesVC.swift */ = {isa = PBXFileReference; lastKnownFileType = sourcecode.swift; path = ShowEveryArticlesVC.swift; sourceTree = "<group>"; };
		52770E7B2B25162F007EBC45 /* Countries.swift */ = {isa = PBXFileReference; lastKnownFileType = sourcecode.swift; path = Countries.swift; sourceTree = "<group>"; };
		52770E7D2B2516AB007EBC45 /* CategoriesTop.swift */ = {isa = PBXFileReference; lastKnownFileType = sourcecode.swift; path = CategoriesTop.swift; sourceTree = "<group>"; };
		52770E812B251847007EBC45 /* TopHeadlinesCell.swift */ = {isa = PBXFileReference; lastKnownFileType = sourcecode.swift; path = TopHeadlinesCell.swift; sourceTree = "<group>"; };
		52770E832B25185A007EBC45 /* EverythingCell.swift */ = {isa = PBXFileReference; lastKnownFileType = sourcecode.swift; path = EverythingCell.swift; sourceTree = "<group>"; };
		527C4E912B239D450086D0F6 /* NewsApp.app */ = {isa = PBXFileReference; explicitFileType = wrapper.application; includeInIndex = 0; path = NewsApp.app; sourceTree = BUILT_PRODUCTS_DIR; };
		527C4E942B239D450086D0F6 /* AppDelegate.swift */ = {isa = PBXFileReference; lastKnownFileType = sourcecode.swift; path = AppDelegate.swift; sourceTree = "<group>"; };
		527C4E962B239D450086D0F6 /* SceneDelegate.swift */ = {isa = PBXFileReference; lastKnownFileType = sourcecode.swift; path = SceneDelegate.swift; sourceTree = "<group>"; };
		527C4E9D2B239D460086D0F6 /* Assets.xcassets */ = {isa = PBXFileReference; lastKnownFileType = folder.assetcatalog; path = Assets.xcassets; sourceTree = "<group>"; };
		527C4EA02B239D460086D0F6 /* Base */ = {isa = PBXFileReference; lastKnownFileType = file.storyboard; name = Base; path = Base.lproj/LaunchScreen.storyboard; sourceTree = "<group>"; };
		527C4EA22B239D460086D0F6 /* Info.plist */ = {isa = PBXFileReference; lastKnownFileType = text.plist.xml; path = Info.plist; sourceTree = "<group>"; };
		527C4EAA2B239DBC0086D0F6 /* NetworkHelper.swift */ = {isa = PBXFileReference; lastKnownFileType = sourcecode.swift; path = NetworkHelper.swift; sourceTree = "<group>"; };
		527C4EB12B23A77C0086D0F6 /* NetworkManager.swift */ = {isa = PBXFileReference; lastKnownFileType = sourcecode.swift; path = NetworkManager.swift; sourceTree = "<group>"; };
		527C4EB32B23A8DE0086D0F6 /* model.swift */ = {isa = PBXFileReference; lastKnownFileType = sourcecode.swift; path = model.swift; sourceTree = "<group>"; };
		527C4EB52B23C1650086D0F6 /* RequestService.swift */ = {isa = PBXFileReference; lastKnownFileType = sourcecode.swift; path = RequestService.swift; sourceTree = "<group>"; };
/* End PBXFileReference section */

/* Begin PBXFrameworksBuildPhase section */
		527C4E8E2B239D450086D0F6 /* Frameworks */ = {
			isa = PBXFrameworksBuildPhase;
			buildActionMask = 2147483647;
			files = (
				52541F6F2B25EE04003D0B88 /* Kingfisher in Frameworks */,
				527C4EAE2B239DDE0086D0F6 /* Alamofire in Frameworks */,
			);
			runOnlyForDeploymentPostprocessing = 0;
		};
/* End PBXFrameworksBuildPhase section */

/* Begin PBXGroup section */
		52541F652B25BBCB003D0B88 /* view */ = {
			isa = PBXGroup;
			children = (
				52770E812B251847007EBC45 /* TopHeadlinesCell.swift */,
				52770E722B251281007EBC45 /* ShowTopArticlesVC.swift */,
				52770E702B251264007EBC45 /* ChooseParamsVC.swift */,
			);
			path = view;
			sourceTree = "<group>";
		};
		52541F6A2B25E396003D0B88 /* ViewModel */ = {
			isa = PBXGroup;
			children = (
				52541F6B2B25E3A2003D0B88 /* TopHeadlinesViewModel.swift */,
			);
			path = ViewModel;
			sourceTree = "<group>";
		};
		5267E2E12B26157E00F8354B /* view */ = {
			isa = PBXGroup;
			children = (
				52770E832B25185A007EBC45 /* EverythingCell.swift */,
				52770E782B25133B007EBC45 /* ShowEveryArticlesVC.swift */,
				52770E762B25132D007EBC45 /* ChooseEverythingParamsVC.swift */,
			);
			path = view;
			sourceTree = "<group>";
		};
		5267E2E22B26158C00F8354B /* viewmodel */ = {
			isa = PBXGroup;
			children = (
				5267E2E32B26253E00F8354B /* EverythingViewModel.swift */,
			);
			path = viewmodel;
			sourceTree = "<group>";
		};
		52770E642B250ECD007EBC45 /* Features */ = {
			isa = PBXGroup;
			children = (
				52770E6C2B25108D007EBC45 /* TopHeadlines */,
				52770E6B2B251081007EBC45 /* Everything */,
				52770E6A2B250FE1007EBC45 /* TabBar */,
				52770E652B250ED7007EBC45 /* Favourites */,
			);
			path = Features;
			sourceTree = "<group>";
		};
		52770E652B250ED7007EBC45 /* Favourites */ = {
			isa = PBXGroup;
			children = (
			);
			path = Favourites;
			sourceTree = "<group>";
		};
		52770E662B250EE4007EBC45 /* Helpers */ = {
			isa = PBXGroup;
			children = (
				52770E7A2B251626007EBC45 /* Utils */,
				52770E672B250F1D007EBC45 /* Extensions */,
				52541F662B25C392003D0B88 /* CustomWidgets.swift */,
			);
			path = Helpers;
			sourceTree = "<group>";
		};
		52770E672B250F1D007EBC45 /* Extensions */ = {
			isa = PBXGroup;
			children = (
				52770E682B250F28007EBC45 /* UIViewExtension.swift */,
				52541F682B25C63C003D0B88 /* StackViewExtension.swift */,
			);
			path = Extensions;
			sourceTree = "<group>";
		};
		52770E6A2B250FE1007EBC45 /* TabBar */ = {
			isa = PBXGroup;
			children = (
				52770E742B251299007EBC45 /* TabBar.swift */,
			);
			path = TabBar;
			sourceTree = "<group>";
		};
		52770E6B2B251081007EBC45 /* Everything */ = {
			isa = PBXGroup;
			children = (
				5267E2E22B26158C00F8354B /* viewmodel */,
				5267E2E12B26157E00F8354B /* view */,
			);
			path = Everything;
			sourceTree = "<group>";
		};
		52770E6C2B25108D007EBC45 /* TopHeadlines */ = {
			isa = PBXGroup;
			children = (
				52541F6A2B25E396003D0B88 /* ViewModel */,
				52541F652B25BBCB003D0B88 /* view */,
			);
			path = TopHeadlines;
			sourceTree = "<group>";
		};
		52770E7A2B251626007EBC45 /* Utils */ = {
			isa = PBXGroup;
			children = (
				52770E7B2B25162F007EBC45 /* Countries.swift */,
				52770E7D2B2516AB007EBC45 /* CategoriesTop.swift */,
				5267E2DF2B26132D00F8354B /* Languages.swift */,
			);
			path = Utils;
			sourceTree = "<group>";
		};
		527C4E882B239D450086D0F6 = {
			isa = PBXGroup;
			children = (
				527C4E932B239D450086D0F6 /* NewsApp */,
				527C4E922B239D450086D0F6 /* Products */,
			);
			sourceTree = "<group>";
		};
		527C4E922B239D450086D0F6 /* Products */ = {
			isa = PBXGroup;
			children = (
				527C4E912B239D450086D0F6 /* NewsApp.app */,
			);
			name = Products;
			sourceTree = "<group>";
		};
		527C4E932B239D450086D0F6 /* NewsApp */ = {
			isa = PBXGroup;
			children = (
				52770E662B250EE4007EBC45 /* Helpers */,
				52770E642B250ECD007EBC45 /* Features */,
				527C4EA82B239DA60086D0F6 /* Service */,
				527C4E942B239D450086D0F6 /* AppDelegate.swift */,
				527C4E962B239D450086D0F6 /* SceneDelegate.swift */,
				527C4E9D2B239D460086D0F6 /* Assets.xcassets */,
				527C4E9F2B239D460086D0F6 /* LaunchScreen.storyboard */,
				527C4EA22B239D460086D0F6 /* Info.plist */,
			);
			path = NewsApp;
			sourceTree = "<group>";
		};
		527C4EA82B239DA60086D0F6 /* Service */ = {
			isa = PBXGroup;
			children = (
				527C4EA92B239DAE0086D0F6 /* core */,
				527C4EB32B23A8DE0086D0F6 /* model.swift */,
				527C4EB52B23C1650086D0F6 /* RequestService.swift */,
			);
			path = Service;
			sourceTree = "<group>";
		};
		527C4EA92B239DAE0086D0F6 /* core */ = {
			isa = PBXGroup;
			children = (
				527C4EAA2B239DBC0086D0F6 /* NetworkHelper.swift */,
				527C4EB12B23A77C0086D0F6 /* NetworkManager.swift */,
			);
			path = core;
			sourceTree = "<group>";
		};
/* End PBXGroup section */

/* Begin PBXNativeTarget section */
		527C4E902B239D450086D0F6 /* NewsApp */ = {
			isa = PBXNativeTarget;
			buildConfigurationList = 527C4EA52B239D460086D0F6 /* Build configuration list for PBXNativeTarget "NewsApp" */;
			buildPhases = (
				527C4E8D2B239D450086D0F6 /* Sources */,
				527C4E8E2B239D450086D0F6 /* Frameworks */,
				527C4E8F2B239D450086D0F6 /* Resources */,
			);
			buildRules = (
			);
			dependencies = (
			);
			name = NewsApp;
			packageProductDependencies = (
				527C4EAD2B239DDE0086D0F6 /* Alamofire */,
				52541F6E2B25EE04003D0B88 /* Kingfisher */,
			);
			productName = NewsApp;
			productReference = 527C4E912B239D450086D0F6 /* NewsApp.app */;
			productType = "com.apple.product-type.application";
		};
/* End PBXNativeTarget section */

/* Begin PBXProject section */
		527C4E892B239D450086D0F6 /* Project object */ = {
			isa = PBXProject;
			attributes = {
				BuildIndependentTargetsInParallel = 1;
				LastSwiftUpdateCheck = 1500;
				LastUpgradeCheck = 1500;
				TargetAttributes = {
					527C4E902B239D450086D0F6 = {
						CreatedOnToolsVersion = 15.0.1;
					};
				};
			};
			buildConfigurationList = 527C4E8C2B239D450086D0F6 /* Build configuration list for PBXProject "NewsApp" */;
			compatibilityVersion = "Xcode 14.0";
			developmentRegion = en;
			hasScannedForEncodings = 0;
			knownRegions = (
				en,
				Base,
			);
			mainGroup = 527C4E882B239D450086D0F6;
			packageReferences = (
				527C4EAC2B239DDE0086D0F6 /* XCRemoteSwiftPackageReference "Alamofire" */,
				52541F6D2B25EE04003D0B88 /* XCRemoteSwiftPackageReference "Kingfisher" */,
			);
			productRefGroup = 527C4E922B239D450086D0F6 /* Products */;
			projectDirPath = "";
			projectRoot = "";
			targets = (
				527C4E902B239D450086D0F6 /* NewsApp */,
			);
		};
/* End PBXProject section */

/* Begin PBXResourcesBuildPhase section */
		527C4E8F2B239D450086D0F6 /* Resources */ = {
			isa = PBXResourcesBuildPhase;
			buildActionMask = 2147483647;
			files = (
				527C4EA12B239D460086D0F6 /* LaunchScreen.storyboard in Resources */,
				527C4E9E2B239D460086D0F6 /* Assets.xcassets in Resources */,
			);
			runOnlyForDeploymentPostprocessing = 0;
		};
/* End PBXResourcesBuildPhase section */

/* Begin PBXSourcesBuildPhase section */
		527C4E8D2B239D450086D0F6 /* Sources */ = {
			isa = PBXSourcesBuildPhase;
			buildActionMask = 2147483647;
			files = (
				52541F6C2B25E3A2003D0B88 /* TopHeadlinesViewModel.swift in Sources */,
				52770E772B25132D007EBC45 /* ChooseEverythingParamsVC.swift in Sources */,
				52770E732B251281007EBC45 /* ShowTopArticlesVC.swift in Sources */,
				527C4EAB2B239DBC0086D0F6 /* NetworkHelper.swift in Sources */,
				52770E792B25133B007EBC45 /* ShowEveryArticlesVC.swift in Sources */,
				52541F672B25C392003D0B88 /* CustomWidgets.swift in Sources */,
				527C4EB42B23A8DE0086D0F6 /* model.swift in Sources */,
				52770E822B251847007EBC45 /* TopHeadlinesCell.swift in Sources */,
				527C4EB62B23C1650086D0F6 /* RequestService.swift in Sources */,
				527C4EB22B23A77C0086D0F6 /* NetworkManager.swift in Sources */,
				52770E7E2B2516AB007EBC45 /* CategoriesTop.swift in Sources */,
				52770E842B25185A007EBC45 /* EverythingCell.swift in Sources */,
				52541F692B25C63C003D0B88 /* StackViewExtension.swift in Sources */,
				52770E712B251264007EBC45 /* ChooseParamsVC.swift in Sources */,
				5267E2E02B26132D00F8354B /* Languages.swift in Sources */,
				527C4E952B239D450086D0F6 /* AppDelegate.swift in Sources */,
				52770E752B251299007EBC45 /* TabBar.swift in Sources */,
				52770E692B250F28007EBC45 /* UIViewExtension.swift in Sources */,
				52770E7C2B25162F007EBC45 /* Countries.swift in Sources */,
				5267E2E42B26253E00F8354B /* EverythingViewModel.swift in Sources */,
				527C4E972B239D450086D0F6 /* SceneDelegate.swift in Sources */,
			);
			runOnlyForDeploymentPostprocessing = 0;
		};
/* End PBXSourcesBuildPhase section */

/* Begin PBXVariantGroup section */
		527C4E9F2B239D460086D0F6 /* LaunchScreen.storyboard */ = {
			isa = PBXVariantGroup;
			children = (
				527C4EA02B239D460086D0F6 /* Base */,
			);
			name = LaunchScreen.storyboard;
			sourceTree = "<group>";
		};
/* End PBXVariantGroup section */

/* Begin XCBuildConfiguration section */
		527C4EA32B239D460086D0F6 /* Debug */ = {
			isa = XCBuildConfiguration;
			buildSettings = {
				ALWAYS_SEARCH_USER_PATHS = NO;
				ASSETCATALOG_COMPILER_GENERATE_SWIFT_ASSET_SYMBOL_EXTENSIONS = YES;
				CLANG_ANALYZER_NONNULL = YES;
				CLANG_ANALYZER_NUMBER_OBJECT_CONVERSION = YES_AGGRESSIVE;
				CLANG_CXX_LANGUAGE_STANDARD = "gnu++20";
				CLANG_ENABLE_MODULES = YES;
				CLANG_ENABLE_OBJC_ARC = YES;
				CLANG_ENABLE_OBJC_WEAK = YES;
				CLANG_WARN_BLOCK_CAPTURE_AUTORELEASING = YES;
				CLANG_WARN_BOOL_CONVERSION = YES;
				CLANG_WARN_COMMA = YES;
				CLANG_WARN_CONSTANT_CONVERSION = YES;
				CLANG_WARN_DEPRECATED_OBJC_IMPLEMENTATIONS = YES;
				CLANG_WARN_DIRECT_OBJC_ISA_USAGE = YES_ERROR;
				CLANG_WARN_DOCUMENTATION_COMMENTS = YES;
				CLANG_WARN_EMPTY_BODY = YES;
				CLANG_WARN_ENUM_CONVERSION = YES;
				CLANG_WARN_INFINITE_RECURSION = YES;
				CLANG_WARN_INT_CONVERSION = YES;
				CLANG_WARN_NON_LITERAL_NULL_CONVERSION = YES;
				CLANG_WARN_OBJC_IMPLICIT_RETAIN_SELF = YES;
				CLANG_WARN_OBJC_LITERAL_CONVERSION = YES;
				CLANG_WARN_OBJC_ROOT_CLASS = YES_ERROR;
				CLANG_WARN_QUOTED_INCLUDE_IN_FRAMEWORK_HEADER = YES;
				CLANG_WARN_RANGE_LOOP_ANALYSIS = YES;
				CLANG_WARN_STRICT_PROTOTYPES = YES;
				CLANG_WARN_SUSPICIOUS_MOVE = YES;
				CLANG_WARN_UNGUARDED_AVAILABILITY = YES_AGGRESSIVE;
				CLANG_WARN_UNREACHABLE_CODE = YES;
				CLANG_WARN__DUPLICATE_METHOD_MATCH = YES;
				COPY_PHASE_STRIP = NO;
				DEBUG_INFORMATION_FORMAT = dwarf;
				ENABLE_STRICT_OBJC_MSGSEND = YES;
				ENABLE_TESTABILITY = YES;
				ENABLE_USER_SCRIPT_SANDBOXING = YES;
				GCC_C_LANGUAGE_STANDARD = gnu17;
				GCC_DYNAMIC_NO_PIC = NO;
				GCC_NO_COMMON_BLOCKS = YES;
				GCC_OPTIMIZATION_LEVEL = 0;
				GCC_PREPROCESSOR_DEFINITIONS = (
					"DEBUG=1",
					"$(inherited)",
				);
				GCC_WARN_64_TO_32_BIT_CONVERSION = YES;
				GCC_WARN_ABOUT_RETURN_TYPE = YES_ERROR;
				GCC_WARN_UNDECLARED_SELECTOR = YES;
				GCC_WARN_UNINITIALIZED_AUTOS = YES_AGGRESSIVE;
				GCC_WARN_UNUSED_FUNCTION = YES;
				GCC_WARN_UNUSED_VARIABLE = YES;
				IPHONEOS_DEPLOYMENT_TARGET = 17.0;
				LOCALIZATION_PREFERS_STRING_CATALOGS = YES;
				MTL_ENABLE_DEBUG_INFO = INCLUDE_SOURCE;
				MTL_FAST_MATH = YES;
				ONLY_ACTIVE_ARCH = YES;
				SDKROOT = iphoneos;
				SWIFT_ACTIVE_COMPILATION_CONDITIONS = "DEBUG $(inherited)";
				SWIFT_OPTIMIZATION_LEVEL = "-Onone";
			};
			name = Debug;
		};
		527C4EA42B239D460086D0F6 /* Release */ = {
			isa = XCBuildConfiguration;
			buildSettings = {
				ALWAYS_SEARCH_USER_PATHS = NO;
				ASSETCATALOG_COMPILER_GENERATE_SWIFT_ASSET_SYMBOL_EXTENSIONS = YES;
				CLANG_ANALYZER_NONNULL = YES;
				CLANG_ANALYZER_NUMBER_OBJECT_CONVERSION = YES_AGGRESSIVE;
				CLANG_CXX_LANGUAGE_STANDARD = "gnu++20";
				CLANG_ENABLE_MODULES = YES;
				CLANG_ENABLE_OBJC_ARC = YES;
				CLANG_ENABLE_OBJC_WEAK = YES;
				CLANG_WARN_BLOCK_CAPTURE_AUTORELEASING = YES;
				CLANG_WARN_BOOL_CONVERSION = YES;
				CLANG_WARN_COMMA = YES;
				CLANG_WARN_CONSTANT_CONVERSION = YES;
				CLANG_WARN_DEPRECATED_OBJC_IMPLEMENTATIONS = YES;
				CLANG_WARN_DIRECT_OBJC_ISA_USAGE = YES_ERROR;
				CLANG_WARN_DOCUMENTATION_COMMENTS = YES;
				CLANG_WARN_EMPTY_BODY = YES;
				CLANG_WARN_ENUM_CONVERSION = YES;
				CLANG_WARN_INFINITE_RECURSION = YES;
				CLANG_WARN_INT_CONVERSION = YES;
				CLANG_WARN_NON_LITERAL_NULL_CONVERSION = YES;
				CLANG_WARN_OBJC_IMPLICIT_RETAIN_SELF = YES;
				CLANG_WARN_OBJC_LITERAL_CONVERSION = YES;
				CLANG_WARN_OBJC_ROOT_CLASS = YES_ERROR;
				CLANG_WARN_QUOTED_INCLUDE_IN_FRAMEWORK_HEADER = YES;
				CLANG_WARN_RANGE_LOOP_ANALYSIS = YES;
				CLANG_WARN_STRICT_PROTOTYPES = YES;
				CLANG_WARN_SUSPICIOUS_MOVE = YES;
				CLANG_WARN_UNGUARDED_AVAILABILITY = YES_AGGRESSIVE;
				CLANG_WARN_UNREACHABLE_CODE = YES;
				CLANG_WARN__DUPLICATE_METHOD_MATCH = YES;
				COPY_PHASE_STRIP = NO;
				DEBUG_INFORMATION_FORMAT = "dwarf-with-dsym";
				ENABLE_NS_ASSERTIONS = NO;
				ENABLE_STRICT_OBJC_MSGSEND = YES;
				ENABLE_USER_SCRIPT_SANDBOXING = YES;
				GCC_C_LANGUAGE_STANDARD = gnu17;
				GCC_NO_COMMON_BLOCKS = YES;
				GCC_WARN_64_TO_32_BIT_CONVERSION = YES;
				GCC_WARN_ABOUT_RETURN_TYPE = YES_ERROR;
				GCC_WARN_UNDECLARED_SELECTOR = YES;
				GCC_WARN_UNINITIALIZED_AUTOS = YES_AGGRESSIVE;
				GCC_WARN_UNUSED_FUNCTION = YES;
				GCC_WARN_UNUSED_VARIABLE = YES;
				IPHONEOS_DEPLOYMENT_TARGET = 17.0;
				LOCALIZATION_PREFERS_STRING_CATALOGS = YES;
				MTL_ENABLE_DEBUG_INFO = NO;
				MTL_FAST_MATH = YES;
				SDKROOT = iphoneos;
				SWIFT_COMPILATION_MODE = wholemodule;
				VALIDATE_PRODUCT = YES;
			};
			name = Release;
		};
		527C4EA62B239D460086D0F6 /* Debug */ = {
			isa = XCBuildConfiguration;
			buildSettings = {
				ASSETCATALOG_COMPILER_APPICON_NAME = AppIcon;
				ASSETCATALOG_COMPILER_GLOBAL_ACCENT_COLOR_NAME = AccentColor;
				CODE_SIGN_STYLE = Automatic;
				CURRENT_PROJECT_VERSION = 1;
				DEVELOPMENT_TEAM = 2758CUH3C2;
				GENERATE_INFOPLIST_FILE = YES;
				INFOPLIST_FILE = NewsApp/Info.plist;
				INFOPLIST_KEY_UIApplicationSupportsIndirectInputEvents = YES;
				INFOPLIST_KEY_UILaunchStoryboardName = LaunchScreen;
				INFOPLIST_KEY_UISupportedInterfaceOrientations_iPad = "UIInterfaceOrientationPortrait UIInterfaceOrientationPortraitUpsideDown UIInterfaceOrientationLandscapeLeft UIInterfaceOrientationLandscapeRight";
				INFOPLIST_KEY_UISupportedInterfaceOrientations_iPhone = "UIInterfaceOrientationPortrait UIInterfaceOrientationLandscapeLeft UIInterfaceOrientationLandscapeRight";
				LD_RUNPATH_SEARCH_PATHS = (
					"$(inherited)",
					"@executable_path/Frameworks",
				);
				MARKETING_VERSION = 1.0;
				PRODUCT_BUNDLE_IDENTIFIER = com.ulasozturk.NewsApp;
				PRODUCT_NAME = "$(TARGET_NAME)";
				SWIFT_EMIT_LOC_STRINGS = YES;
				SWIFT_VERSION = 5.0;
				TARGETED_DEVICE_FAMILY = "1,2";
			};
			name = Debug;
		};
		527C4EA72B239D460086D0F6 /* Release */ = {
			isa = XCBuildConfiguration;
			buildSettings = {
				ASSETCATALOG_COMPILER_APPICON_NAME = AppIcon;
				ASSETCATALOG_COMPILER_GLOBAL_ACCENT_COLOR_NAME = AccentColor;
				CODE_SIGN_STYLE = Automatic;
				CURRENT_PROJECT_VERSION = 1;
				DEVELOPMENT_TEAM = 2758CUH3C2;
				GENERATE_INFOPLIST_FILE = YES;
				INFOPLIST_FILE = NewsApp/Info.plist;
				INFOPLIST_KEY_UIApplicationSupportsIndirectInputEvents = YES;
				INFOPLIST_KEY_UILaunchStoryboardName = LaunchScreen;
				INFOPLIST_KEY_UISupportedInterfaceOrientations_iPad = "UIInterfaceOrientationPortrait UIInterfaceOrientationPortraitUpsideDown UIInterfaceOrientationLandscapeLeft UIInterfaceOrientationLandscapeRight";
				INFOPLIST_KEY_UISupportedInterfaceOrientations_iPhone = "UIInterfaceOrientationPortrait UIInterfaceOrientationLandscapeLeft UIInterfaceOrientationLandscapeRight";
				LD_RUNPATH_SEARCH_PATHS = (
					"$(inherited)",
					"@executable_path/Frameworks",
				);
				MARKETING_VERSION = 1.0;
				PRODUCT_BUNDLE_IDENTIFIER = com.ulasozturk.NewsApp;
				PRODUCT_NAME = "$(TARGET_NAME)";
				SWIFT_EMIT_LOC_STRINGS = YES;
				SWIFT_VERSION = 5.0;
				TARGETED_DEVICE_FAMILY = "1,2";
			};
			name = Release;
		};
/* End XCBuildConfiguration section */

/* Begin XCConfigurationList section */
		527C4E8C2B239D450086D0F6 /* Build configuration list for PBXProject "NewsApp" */ = {
			isa = XCConfigurationList;
			buildConfigurations = (
				527C4EA32B239D460086D0F6 /* Debug */,
				527C4EA42B239D460086D0F6 /* Release */,
			);
			defaultConfigurationIsVisible = 0;
			defaultConfigurationName = Release;
		};
		527C4EA52B239D460086D0F6 /* Build configuration list for PBXNativeTarget "NewsApp" */ = {
			isa = XCConfigurationList;
			buildConfigurations = (
				527C4EA62B239D460086D0F6 /* Debug */,
				527C4EA72B239D460086D0F6 /* Release */,
			);
			defaultConfigurationIsVisible = 0;
			defaultConfigurationName = Release;
		};
/* End XCConfigurationList section */

/* Begin XCRemoteSwiftPackageReference section */
		52541F6D2B25EE04003D0B88 /* XCRemoteSwiftPackageReference "Kingfisher" */ = {
			isa = XCRemoteSwiftPackageReference;
			repositoryURL = "https://github.com/onevcat/Kingfisher.git";
			requirement = {
				kind = upToNextMajorVersion;
				minimumVersion = 7.10.1;
			};
		};
		527C4EAC2B239DDE0086D0F6 /* XCRemoteSwiftPackageReference "Alamofire" */ = {
			isa = XCRemoteSwiftPackageReference;
			repositoryURL = "https://github.com/Alamofire/Alamofire.git";
			requirement = {
				kind = upToNextMajorVersion;
				minimumVersion = 5.8.1;
			};
		};
/* End XCRemoteSwiftPackageReference section */

/* Begin XCSwiftPackageProductDependency section */
		52541F6E2B25EE04003D0B88 /* Kingfisher */ = {
			isa = XCSwiftPackageProductDependency;
			package = 52541F6D2B25EE04003D0B88 /* XCRemoteSwiftPackageReference "Kingfisher" */;
			productName = Kingfisher;
		};
		527C4EAD2B239DDE0086D0F6 /* Alamofire */ = {
			isa = XCSwiftPackageProductDependency;
			package = 527C4EAC2B239DDE0086D0F6 /* XCRemoteSwiftPackageReference "Alamofire" */;
			productName = Alamofire;
		};
/* End XCSwiftPackageProductDependency section */
	};
	rootObject = 527C4E892B239D450086D0F6 /* Project object */;
}
